
Microsoft Visual Studio Solution File, Format Version 12.00
# Visual Studio Version 17
VisualStudioVersion = 17.3.32929.385
MinimumVisualStudioVersion = 10.0.40219.1
Project("{888888A0-9F3D-457C-B088-3A5042F75D52}") = "lab3dm", "lab3dm\lab3dm.pyproj", "{F0CDFF05-3259-425E-AF47-CE534CE1E480}"
EndProject
Global
	GlobalSection(SolutionConfigurationPlatforms) = preSolution
		Debug|Any CPU = Debug|Any CPU
		Release|Any CPU = Release|Any CPU
	EndGlobalSection
	GlobalSection(ProjectConfigurationPlatforms) = postSolution
		{F0CDFF05-3259-425E-AF47-CE534CE1E480}.Debug|Any CPU.ActiveCfg = Debug|Any CPU
		{F0CDFF05-3259-425E-AF47-CE534CE1E480}.Release|Any CPU.ActiveCfg = Release|Any CPU
	EndGlobalSection
	GlobalSection(SolutionProperties) = preSolution
		HideSolutionNode = FALSE
	EndGlobalSection
	GlobalSection(ExtensibilityGlobals) = postSolution
		SolutionGuid = {31FF44A5-D0EC-463B-BB65-F64A09E292B0}
	EndGlobalSection
EndGlobal
